
Microsoft Visual Studio Solution File, Format Version 12.00
# Visual Studio Version 17
VisualStudioVersion = 17.13.35931.197 d17.13
MinimumVisualStudioVersion = 10.0.40219.1
Project("{FAE04EC0-301F-11D3-BF4B-00C04F79EFBC}") = "RUSBP-Admin", "RUSBP-Admin.csproj", "{A90E7EE5-9577-40D4-AA51-5EFCC21E08B8}"
EndProject
Global
	GlobalSection(SolutionConfigurationPlatforms) = preSolution
		Debug|Any CPU = Debug|Any CPU
		Release|Any CPU = Release|Any CPU
	EndGlobalSection
	GlobalSection(ProjectConfigurationPlatforms) = postSolution
		{A90E7EE5-9577-40D4-AA51-5EFCC21E08B8}.Debug|Any CPU.ActiveCfg = Debug|Any CPU
		{A90E7EE5-9577-40D4-AA51-5EFCC21E08B8}.Debug|Any CPU.Build.0 = Debug|Any CPU
		{A90E7EE5-9577-40D4-AA51-5EFCC21E08B8}.Release|Any CPU.ActiveCfg = Release|Any CPU
		{A90E7EE5-9577-40D4-AA51-5EFCC21E08B8}.Release|Any CPU.Build.0 = Release|Any CPU
	EndGlobalSection
	GlobalSection(SolutionProperties) = preSolution
		HideSolutionNode = FALSE
	EndGlobalSection
	GlobalSection(ExtensibilityGlobals) = postSolution
		SolutionGuid = {5EFAF882-0933-44EB-A248-50D2151FAE45}
	EndGlobalSection
EndGlobal
